// !$*UTF8*$!
{
	archiveVersion = 1;
	classes = {
	};
	objectVersion = 46;
	objects = {

/* Begin PBXBuildFile section */
		7EB0F66F116F24E40021B3AB /* point.c in Sources */ = {isa = PBXBuildFile; fileRef = 7E9C5ECB1153FB3B00EFEA97 /* point.c */; };
		7EB0F670116F24E40021B3AB /* pointList.c in Sources */ = {isa = PBXBuildFile; fileRef = 7E9C5ECD1153FB3B00EFEA97 /* pointList.c */; };
		7EB0F672116F24E40021B3AB /* ironCalibMath.c in Sources */ = {isa = PBXBuildFile; fileRef = 7E17162E1141A96200646F33 /* ironCalibMath.c */; };
		7EB9083D1521AFF600B80E22 /* ironCalibrationCommon.h in Headers */ = {isa = PBXBuildFile; fileRef = 7EB908371521AFF600B80E22 /* ironCalibrationCommon.h */; };
		7EB9083E1521AFF600B80E22 /* ironCalibrationVersion.h in Headers */ = {isa = PBXBuildFile; fileRef = 7EB908381521AFF600B80E22 /* ironCalibrationVersion.h */; };
		7EB9083F1521AFF600B80E22 /* ironComputation.c in Sources */ = {isa = PBXBuildFile; fileRef = 7EB908391521AFF600B80E22 /* ironComputation.c */; };
		7EB908401521AFF600B80E22 /* ironComputation.h in Headers */ = {isa = PBXBuildFile; fileRef = 7EB9083A1521AFF600B80E22 /* ironComputation.h */; };
		7EB908411521AFF600B80E22 /* sbgIronCalibration.c in Sources */ = {isa = PBXBuildFile; fileRef = 7EB9083B1521AFF600B80E22 /* sbgIronCalibration.c */; };
		7EB908421521AFF600B80E22 /* sbgIronCalibration.h in Headers */ = {isa = PBXBuildFile; fileRef = 7EB9083C1521AFF600B80E22 /* sbgIronCalibration.h */; };
/* End PBXBuildFile section */

/* Begin PBXFileReference section */
		7E13E1F81116C9C400E399A1 /* sbgCommon.h */ = {isa = PBXFileReference; fileEncoding = 4; lastKnownFileType = sourcecode.c.h; name = sbgCommon.h; path = ../../src/sbgCommon.h; sourceTree = SOURCE_ROOT; };
		7E13E21C1116F69F00E399A1 /* libsbgIronCalibd.a */ = {isa = PBXFileReference; explicitFileType = archive.ar; includeInIndex = 0; path = libsbgIronCalibd.a; sourceTree = BUILT_PRODUCTS_DIR; };
		7E17162E1141A96200646F33 /* ironCalibMath.c */ = {isa = PBXFileReference; fileEncoding = 4; lastKnownFileType = sourcecode.c.c; name = ironCalibMath.c; path = ../../src/ironCalibMath.c; sourceTree = SOURCE_ROOT; };
		7E9C5ECB1153FB3B00EFEA97 /* point.c */ = {isa = PBXFileReference; fileEncoding = 4; lastKnownFileType = sourcecode.c.c; name = point.c; path = ../../src/point.c; sourceTree = SOURCE_ROOT; };
		7E9C5ECC1153FB3B00EFEA97 /* point.h */ = {isa = PBXFileReference; fileEncoding = 4; lastKnownFileType = sourcecode.c.h; name = point.h; path = ../../src/point.h; sourceTree = SOURCE_ROOT; };
		7E9C5ECD1153FB3B00EFEA97 /* pointList.c */ = {isa = PBXFileReference; fileEncoding = 4; lastKnownFileType = sourcecode.c.c; name = pointList.c; path = ../../src/pointList.c; sourceTree = SOURCE_ROOT; };
		7E9C5ECE1153FB3B00EFEA97 /* pointList.h */ = {isa = PBXFileReference; fileEncoding = 4; lastKnownFileType = sourcecode.c.h; name = pointList.h; path = ../../src/pointList.h; sourceTree = SOURCE_ROOT; };
		7EA393DF11258D9400B24DC4 /* ironCalibMath.h */ = {isa = PBXFileReference; fileEncoding = 4; lastKnownFileType = sourcecode.c.h; name = ironCalibMath.h; path = ../../src/ironCalibMath.h; sourceTree = SOURCE_ROOT; };
		7EB908371521AFF600B80E22 /* ironCalibrationCommon.h */ = {isa = PBXFileReference; fileEncoding = 4; lastKnownFileType = sourcecode.c.h; name = ironCalibrationCommon.h; path = ../../src/ironCalibrationCommon.h; sourceTree = "<group>"; };
		7EB908381521AFF600B80E22 /* ironCalibrationVersion.h */ = {isa = PBXFileReference; fileEncoding = 4; lastKnownFileType = sourcecode.c.h; name = ironCalibrationVersion.h; path = ../../src/ironCalibrationVersion.h; sourceTree = "<group>"; };
		7EB908391521AFF600B80E22 /* ironComputation.c */ = {isa = PBXFileReference; fileEncoding = 4; lastKnownFileType = sourcecode.c.c; name = ironComputation.c; path = ../../src/ironComputation.c; sourceTree = "<group>"; };
		7EB9083A1521AFF600B80E22 /* ironComputation.h */ = {isa = PBXFileReference; fileEncoding = 4; lastKnownFileType = sourcecode.c.h; name = ironComputation.h; path = ../../src/ironComputation.h; sourceTree = "<group>"; };
		7EB9083B1521AFF600B80E22 /* sbgIronCalibration.c */ = {isa = PBXFileReference; fileEncoding = 4; lastKnownFileType = sourcecode.c.c; name = sbgIronCalibration.c; path = ../../src/sbgIronCalibration.c; sourceTree = "<group>"; };
		7EB9083C1521AFF600B80E22 /* sbgIronCalibration.h */ = {isa = PBXFileReference; fileEncoding = 4; lastKnownFileType = sourcecode.c.h; name = sbgIronCalibration.h; path = ../../src/sbgIronCalibration.h; sourceTree = "<group>"; };
		C6A0FF2C0290799A04C91782 /* ironCalibLib.1 */ = {isa = PBXFileReference; lastKnownFileType = text.man; path = ironCalibLib.1; sourceTree = "<group>"; };
/* End PBXFileReference section */

/* Begin PBXFrameworksBuildPhase section */
		7E13E21A1116F69F00E399A1 /* Frameworks */ = {
			isa = PBXFrameworksBuildPhase;
			buildActionMask = 2147483647;
			files = (
			);
			runOnlyForDeploymentPostprocessing = 0;
		};
/* End PBXFrameworksBuildPhase section */

/* Begin PBXGroup section */
		08FB7794FE84155DC02AAC07 /* ironCalibLib */ = {
			isa = PBXGroup;
			children = (
				08FB7795FE84155DC02AAC07 /* Source */,
				C6A0FF2B0290797F04C91782 /* Documentation */,
				1AB674ADFE9D54B511CA2CBB /* Products */,
			);
			name = ironCalibLib;
			sourceTree = "<group>";
		};
		08FB7795FE84155DC02AAC07 /* Source */ = {
			isa = PBXGroup;
			children = (
				7EB908371521AFF600B80E22 /* ironCalibrationCommon.h */,
				7EB908381521AFF600B80E22 /* ironCalibrationVersion.h */,
				7EB908391521AFF600B80E22 /* ironComputation.c */,
				7EB9083A1521AFF600B80E22 /* ironComputation.h */,
				7EB9083B1521AFF600B80E22 /* sbgIronCalibration.c */,
				7EB9083C1521AFF600B80E22 /* sbgIronCalibration.h */,
				7E9C5ECB1153FB3B00EFEA97 /* point.c */,
				7E9C5ECC1153FB3B00EFEA97 /* point.h */,
				7E9C5ECD1153FB3B00EFEA97 /* pointList.c */,
				7E9C5ECE1153FB3B00EFEA97 /* pointList.h */,
				7E17162E1141A96200646F33 /* ironCalibMath.c */,
				7EA393DF11258D9400B24DC4 /* ironCalibMath.h */,
				7E13E1F81116C9C400E399A1 /* sbgCommon.h */,
			);
			name = Source;
			sourceTree = "<group>";
		};
		1AB674ADFE9D54B511CA2CBB /* Products */ = {
			isa = PBXGroup;
			children = (
				7E13E21C1116F69F00E399A1 /* libsbgIronCalibd.a */,
			);
			name = Products;
			sourceTree = "<group>";
		};
		C6A0FF2B0290797F04C91782 /* Documentation */ = {
			isa = PBXGroup;
			children = (
				C6A0FF2C0290799A04C91782 /* ironCalibLib.1 */,
			);
			name = Documentation;
			sourceTree = "<group>";
		};
/* End PBXGroup section */

/* Begin PBXHeadersBuildPhase section */
		7E13E2181116F69F00E399A1 /* Headers */ = {
			isa = PBXHeadersBuildPhase;
			buildActionMask = 2147483647;
			files = (
				7EB9083D1521AFF600B80E22 /* ironCalibrationCommon.h in Headers */,
				7EB9083E1521AFF600B80E22 /* ironCalibrationVersion.h in Headers */,
				7EB908401521AFF600B80E22 /* ironComputation.h in Headers */,
				7EB908421521AFF600B80E22 /* sbgIronCalibration.h in Headers */,
			);
			runOnlyForDeploymentPostprocessing = 0;
		};
/* End PBXHeadersBuildPhase section */

/* Begin PBXNativeTarget section */
		7E13E21B1116F69F00E399A1 /* sbgIronCalib */ = {
			isa = PBXNativeTarget;
			buildConfigurationList = 7E13E22E1116F6DB00E399A1 /* Build configuration list for PBXNativeTarget "sbgIronCalib" */;
			buildPhases = (
				7E13E2181116F69F00E399A1 /* Headers */,
				7E13E2191116F69F00E399A1 /* Sources */,
				7E13E21A1116F69F00E399A1 /* Frameworks */,
			);
			buildRules = (
			);
			dependencies = (
			);
			name = sbgIronCalib;
			productName = sbgIronCalib;
			productReference = 7E13E21C1116F69F00E399A1 /* libsbgIronCalibd.a */;
			productType = "com.apple.product-type.library.static";
		};
/* End PBXNativeTarget section */

/* Begin PBXProject section */
		08FB7793FE84155DC02AAC07 /* Project object */ = {
			isa = PBXProject;
			attributes = {
				LastUpgradeCheck = 0420;
			};
			buildConfigurationList = 1DEB928908733DD80010E9CD /* Build configuration list for PBXProject "sbgIronCalibLib" */;
			compatibilityVersion = "Xcode 3.2";
			developmentRegion = English;
			hasScannedForEncodings = 1;
			knownRegions = (
				en,
			);
			mainGroup = 08FB7794FE84155DC02AAC07 /* ironCalibLib */;
			projectDirPath = "";
			projectRoot = "";
			targets = (
				7E13E21B1116F69F00E399A1 /* sbgIronCalib */,
			);
		};
/* End PBXProject section */

/* Begin PBXSourcesBuildPhase section */
		7E13E2191116F69F00E399A1 /* Sources */ = {
			isa = PBXSourcesBuildPhase;
			buildActionMask = 2147483647;
			files = (
				7EB0F66F116F24E40021B3AB /* point.c in Sources */,
				7EB0F670116F24E40021B3AB /* pointList.c in Sources */,
				7EB0F672116F24E40021B3AB /* ironCalibMath.c in Sources */,
				7EB9083F1521AFF600B80E22 /* ironComputation.c in Sources */,
				7EB908411521AFF600B80E22 /* sbgIronCalibration.c in Sources */,
			);
			runOnlyForDeploymentPostprocessing = 0;
		};
/* End PBXSourcesBuildPhase section */

/* Begin XCBuildConfiguration section */
		1DEB928A08733DD80010E9CD /* Debug */ = {
			isa = XCBuildConfiguration;
			buildSettings = {
				ARCHS = "$(ARCHS_STANDARD_32_64_BIT)";
				GCC_C_LANGUAGE_STANDARD = gnu99;
				GCC_OPTIMIZATION_LEVEL = 0;
				GCC_WARN_ABOUT_RETURN_TYPE = YES;
				GCC_WARN_UNUSED_VARIABLE = YES;
				ONLY_ACTIVE_ARCH = YES;
				SDKROOT = macosx;
			};
			name = Debug;
		};
		1DEB928B08733DD80010E9CD /* Release */ = {
			isa = XCBuildConfiguration;
			buildSettings = {
				ARCHS = "$(ARCHS_STANDARD_32_64_BIT)";
				GCC_C_LANGUAGE_STANDARD = gnu99;
				GCC_WARN_ABOUT_RETURN_TYPE = YES;
				GCC_WARN_UNUSED_VARIABLE = YES;
				SDKROOT = macosx;
			};
			name = Release;
		};
		7E13E21D1116F6A000E399A1 /* Debug */ = {
			isa = XCBuildConfiguration;
			buildSettings = {
				ALWAYS_SEARCH_USER_PATHS = NO;
				COPY_PHASE_STRIP = NO;
				GCC_DYNAMIC_NO_PIC = NO;
				GCC_MODEL_TUNING = G5;
				GCC_OPTIMIZATION_LEVEL = 0;
				GCC_PREPROCESSOR_DEFINITIONS = "";
				INSTALL_PATH = /usr/local/lib;
				PRODUCT_NAME = sbgIronCalibd;
			};
			name = Debug;
		};
		7E13E21E1116F6A000E399A1 /* Release */ = {
			isa = XCBuildConfiguration;
			buildSettings = {
				ALWAYS_SEARCH_USER_PATHS = NO;
				COPY_PHASE_STRIP = YES;
				DEBUG_INFORMATION_FORMAT = "dwarf-with-dsym";
				GCC_MODEL_TUNING = G5;
				INSTALL_PATH = /usr/local/lib;
				PRODUCT_NAME = sbgIronCalib;
				ZERO_LINK = NO;
			};
			name = Release;
		};
/* End XCBuildConfiguration section */

/* Begin XCConfigurationList section */
		1DEB928908733DD80010E9CD /* Build configuration list for PBXProject "sbgIronCalibLib" */ = {
			isa = XCConfigurationList;
			buildConfigurations = (
				1DEB928A08733DD80010E9CD /* Debug */,
				1DEB928B08733DD80010E9CD /* Release */,
			);
			defaultConfigurationIsVisible = 0;
			defaultConfigurationName = Release;
		};
		7E13E22E1116F6DB00E399A1 /* Build configuration list for PBXNativeTarget "sbgIronCalib" */ = {
			isa = XCConfigurationList;
			buildConfigurations = (
				7E13E21D1116F6A000E399A1 /* Debug */,
				7E13E21E1116F6A000E399A1 /* Release */,
			);
			defaultConfigurationIsVisible = 0;
			defaultConfigurationName = Release;
		};
/* End XCConfigurationList section */
	};
	rootObject = 08FB7793FE84155DC02AAC07 /* Project object */;
}
