
Microsoft Visual Studio Solution File, Format Version 11.00
# Visual C++ Express 2010
Project("{8BC9CEB8-8B4A-11D0-8D11-00A0C91BC942}") = "sbgIronCalibration", "sbgIronCalibration.vcxproj", "{F55E0B96-63CA-4598-A671-70F81BD66669}"
EndProject
Global
	GlobalSection(SolutionConfigurationPlatforms) = preSolution
		Debug DLL|Win32 = Debug DLL|Win32
		Debug|Win32 = Debug|Win32
		Release DLL|Win32 = Release DLL|Win32
		Release|Win32 = Release|Win32
	EndGlobalSection
	GlobalSection(ProjectConfigurationPlatforms) = postSolution
		{F55E0B96-63CA-4598-A671-70F81BD66669}.Debug DLL|Win32.ActiveCfg = Debug DLL|Win32
		{F55E0B96-63CA-4598-A671-70F81BD66669}.Debug DLL|Win32.Build.0 = Debug DLL|Win32
		{F55E0B96-63CA-4598-A671-70F81BD66669}.Debug|Win32.ActiveCfg = Debug|Win32
		{F55E0B96-63CA-4598-A671-70F81BD66669}.Debug|Win32.Build.0 = Debug|Win32
		{F55E0B96-63CA-4598-A671-70F81BD66669}.Release DLL|Win32.ActiveCfg = Release DLL|Win32
		{F55E0B96-63CA-4598-A671-70F81BD66669}.Release DLL|Win32.Build.0 = Release DLL|Win32
		{F55E0B96-63CA-4598-A671-70F81BD66669}.Release|Win32.ActiveCfg = Release|Win32
		{F55E0B96-63CA-4598-A671-70F81BD66669}.Release|Win32.Build.0 = Release|Win32
	EndGlobalSection
	GlobalSection(SolutionProperties) = preSolution
		HideSolutionNode = FALSE
	EndGlobalSection
EndGlobal
