<?xml version="1.0" encoding="utf-8"?>
<Project ToolsVersion="4.0" xmlns="http://schemas.microsoft.com/developer/msbuild/2003">
  <ItemGroup>
    <Filter Include="src">
      <UniqueIdentifier>{8ecb3dd2-a919-4de2-9483-b7279b50c468}</UniqueIdentifier>
    </Filter>
    <Filter Include="src\canWrapper">
      <UniqueIdentifier>{c1c62e73-d31a-4ae3-8296-e6b9c44685f0}</UniqueIdentifier>
    </Filter>
    <Filter Include="src\protocol">
      <UniqueIdentifier>{c847799a-5c3c-48ad-b376-e5f33943b1b2}</UniqueIdentifier>
    </Filter>
    <Filter Include="src\protocol\extDevices">
      <UniqueIdentifier>{0420f620-0b52-48f3-bc0e-56c2a824b1ea}</UniqueIdentifier>
    </Filter>
    <Filter Include="src\time">
      <UniqueIdentifier>{c35c3f60-a3c6-47c7-968a-928451080fc2}</UniqueIdentifier>
    </Filter>
  </ItemGroup>
  <ItemGroup>
    <ClCompile Include="..\..\src\sbgCan.c">
      <Filter>src</Filter>
    </ClCompile>
    <ClCompile Include="..\..\src\canWrapper\sbgCanUsbWin.c">
      <Filter>src\canWrapper</Filter>
    </ClCompile>
    <ClCompile Include="..\..\src\protocol\sbgCanBus.c">
      <Filter>src\protocol</Filter>
    </ClCompile>
    <ClCompile Include="..\..\src\protocol\sbgCanCommandsCalib.c">
      <Filter>src\protocol</Filter>
    </ClCompile>
    <ClCompile Include="..\..\src\protocol\sbgCanCommandsExt.c">
      <Filter>src\protocol</Filter>
    </ClCompile>
    <ClCompile Include="..\..\src\protocol\sbgCanCommandsFilter.c">
      <Filter>src\protocol</Filter>
    </ClCompile>
    <ClCompile Include="..\..\src\protocol\sbgCanCommandsGps.c">
      <Filter>src\protocol</Filter>
    </ClCompile>
    <ClCompile Include="..\..\src\protocol\sbgCanCommandsNav.c">
      <Filter>src\protocol</Filter>
    </ClCompile>
    <ClCompile Include="..\..\src\protocol\sbgCanCommandsOdo.c">
      <Filter>src\protocol</Filter>
    </ClCompile>
    <ClCompile Include="..\..\src\protocol\sbgCanCommandsOrientation.c">
      <Filter>src\protocol</Filter>
    </ClCompile>
    <ClCompile Include="..\..\src\protocol\sbgCanCommandsOutput.c">
      <Filter>src\protocol</Filter>
    </ClCompile>
    <ClCompile Include="..\..\src\protocol\sbgCanCommandsSetting.c">
      <Filter>src\protocol</Filter>
    </ClCompile>
    <ClCompile Include="..\..\src\protocol\sbgCanCommandsSync.c">
      <Filter>src\protocol</Filter>
    </ClCompile>
    <ClCompile Include="..\..\src\protocol\sbgCanDevice.c">
      <Filter>src\protocol</Filter>
    </ClCompile>
    <ClCompile Include="..\..\src\protocol\sbgCanProtocolOutputMode.c">
      <Filter>src\protocol</Filter>
    </ClCompile>
    <ClCompile Include="..\..\src\protocol\extDevices\sbgCanExtIg.c">
      <Filter>src\protocol\extDevices</Filter>
    </ClCompile>
    <ClCompile Include="..\..\src\protocol\extDevices\sbgCanExtNmea.c">
      <Filter>src\protocol\extDevices</Filter>
    </ClCompile>
    <ClCompile Include="..\..\src\time\sbgTime.c">
      <Filter>src\time</Filter>
    </ClCompile>
    <ClCompile Include="..\..\src\protocol\sbgCanCommandsIg30.c">
      <Filter>src\protocol</Filter>
    </ClCompile>
  </ItemGroup>
  <ItemGroup>
    <ClInclude Include="..\..\src\sbgCan.h">
      <Filter>src</Filter>
    </ClInclude>
    <ClInclude Include="..\..\src\sbgCanVersion.h">
      <Filter>src</Filter>
    </ClInclude>
    <ClInclude Include="..\..\src\sbgCommon.h">
      <Filter>src</Filter>
    </ClInclude>
    <ClInclude Include="..\..\src\canWrapper\sbgCanWrapper.h">
      <Filter>src\canWrapper</Filter>
    </ClInclude>
    <ClInclude Include="..\..\src\protocol\sbgCanBus.h">
      <Filter>src\protocol</Filter>
    </ClInclude>
    <ClInclude Include="..\..\src\protocol\sbgCanCommandsCalib.h">
      <Filter>src\protocol</Filter>
    </ClInclude>
    <ClInclude Include="..\..\src\protocol\sbgCanCommandsExt.h">
      <Filter>src\protocol</Filter>
    </ClInclude>
    <ClInclude Include="..\..\src\protocol\sbgCanCommandsFilter.h">
      <Filter>src\protocol</Filter>
    </ClInclude>
    <ClInclude Include="..\..\src\protocol\sbgCanCommandsGps.h">
      <Filter>src\protocol</Filter>
    </ClInclude>
    <ClInclude Include="..\..\src\protocol\sbgCanCommandsNav.h">
      <Filter>src\protocol</Filter>
    </ClInclude>
    <ClInclude Include="..\..\src\protocol\sbgCanCommandsOdo.h">
      <Filter>src\protocol</Filter>
    </ClInclude>
    <ClInclude Include="..\..\src\protocol\sbgCanCommandsOrientation.h">
      <Filter>src\protocol</Filter>
    </ClInclude>
    <ClInclude Include="..\..\src\protocol\sbgCanCommandsOutput.h">
      <Filter>src\protocol</Filter>
    </ClInclude>
    <ClInclude Include="..\..\src\protocol\sbgCanCommandsSetting.h">
      <Filter>src\protocol</Filter>
    </ClInclude>
    <ClInclude Include="..\..\src\protocol\sbgCanCommandsSync.h">
      <Filter>src\protocol</Filter>
    </ClInclude>
    <ClInclude Include="..\..\src\protocol\sbgCanDevice.h">
      <Filter>src\protocol</Filter>
    </ClInclude>
    <ClInclude Include="..\..\src\protocol\sbgCanProtocolOutputMode.h">
      <Filter>src\protocol</Filter>
    </ClInclude>
    <ClInclude Include="..\..\src\protocol\extDevices\sbgCanExtIg.h">
      <Filter>src\protocol\extDevices</Filter>
    </ClInclude>
    <ClInclude Include="..\..\src\protocol\extDevices\sbgCanExtNmea.h">
      <Filter>src\protocol\extDevices</Filter>
    </ClInclude>
    <ClInclude Include="..\..\src\time\sbgTime.h">
      <Filter>src\time</Filter>
    </ClInclude>
    <ClInclude Include="..\..\src\protocol\sbgCanCommandsIg30.h">
      <Filter>src\protocol</Filter>
    </ClInclude>
  </ItemGroup>
</Project>