<?xml version="1.0" encoding="utf-8"?>
<Project ToolsVersion="4.0" xmlns="http://schemas.microsoft.com/developer/msbuild/2003">
  <ItemGroup>
    <Filter Include="src">
      <UniqueIdentifier>{5e93eeb0-e086-4abd-aa1a-dd8005b80cf2}</UniqueIdentifier>
    </Filter>
    <Filter Include="src\comWrapper">
      <UniqueIdentifier>{f82cc3fb-38c7-401b-bb05-bb723eafd09c}</UniqueIdentifier>
    </Filter>
    <Filter Include="src\protocol">
      <UniqueIdentifier>{46c0e047-c242-4247-8755-10dc1ff05a6d}</UniqueIdentifier>
    </Filter>
    <Filter Include="src\protocol\extDevices">
      <UniqueIdentifier>{a022a202-aa73-4c30-817d-acdbb6da41ec}</UniqueIdentifier>
    </Filter>
    <Filter Include="src\time">
      <UniqueIdentifier>{9ba0241a-c951-48c3-b8ba-799a00883d68}</UniqueIdentifier>
    </Filter>
  </ItemGroup>
  <ItemGroup>
    <ClCompile Include="..\..\src\sbgCom.c">
      <Filter>src</Filter>
    </ClCompile>
    <ClCompile Include="..\..\src\comWrapper\comSerialWin.c">
      <Filter>src\comWrapper</Filter>
    </ClCompile>
    <ClCompile Include="..\..\src\protocol\commands.c">
      <Filter>src\protocol</Filter>
    </ClCompile>
    <ClCompile Include="..\..\src\protocol\commandsCalib.c">
      <Filter>src\protocol</Filter>
    </ClCompile>
    <ClCompile Include="..\..\src\protocol\commandsExt.c">
      <Filter>src\protocol</Filter>
    </ClCompile>
    <ClCompile Include="..\..\src\protocol\commandsFilter.c">
      <Filter>src\protocol</Filter>
    </ClCompile>
    <ClCompile Include="..\..\src\protocol\commandsNav.c">
      <Filter>src\protocol</Filter>
    </ClCompile>
    <ClCompile Include="..\..\src\protocol\commandsOdo.c">
      <Filter>src\protocol</Filter>
    </ClCompile>
    <ClCompile Include="..\..\src\protocol\commandsOrientation.c">
      <Filter>src\protocol</Filter>
    </ClCompile>
    <ClCompile Include="..\..\src\protocol\commandsOutput.c">
      <Filter>src\protocol</Filter>
    </ClCompile>
    <ClCompile Include="..\..\src\protocol\commandsSync.c">
      <Filter>src\protocol</Filter>
    </ClCompile>
    <ClCompile Include="..\..\src\protocol\protocol.c">
      <Filter>src\protocol</Filter>
    </ClCompile>
    <ClCompile Include="..\..\src\protocol\protocolOutput.c">
      <Filter>src\protocol</Filter>
    </ClCompile>
    <ClCompile Include="..\..\src\protocol\protocolOutputMode.c">
      <Filter>src\protocol</Filter>
    </ClCompile>
    <ClCompile Include="..\..\src\protocol\extDevices\extIg.c">
      <Filter>src\protocol\extDevices</Filter>
    </ClCompile>
    <ClCompile Include="..\..\src\protocol\extDevices\extNmea.c">
      <Filter>src\protocol\extDevices</Filter>
    </ClCompile>
    <ClCompile Include="..\..\src\time\sbgTime.c">
      <Filter>src\time</Filter>
    </ClCompile>
    <ClCompile Include="..\..\src\protocol\commandsIg30.c">
      <Filter>src\protocol</Filter>
    </ClCompile>
  </ItemGroup>
  <ItemGroup>
    <ClInclude Include="..\..\src\sbgCom.h">
      <Filter>src</Filter>
    </ClInclude>
    <ClInclude Include="..\..\src\sbgCommon.h">
      <Filter>src</Filter>
    </ClInclude>
    <ClInclude Include="..\..\src\sbgComVersion.h">
      <Filter>src</Filter>
    </ClInclude>
    <ClInclude Include="..\..\src\comWrapper\comWrapper.h">
      <Filter>src\comWrapper</Filter>
    </ClInclude>
    <ClInclude Include="..\..\src\protocol\commands.h">
      <Filter>src\protocol</Filter>
    </ClInclude>
    <ClInclude Include="..\..\src\protocol\commandsCalib.h">
      <Filter>src\protocol</Filter>
    </ClInclude>
    <ClInclude Include="..\..\src\protocol\commandsExt.h">
      <Filter>src\protocol</Filter>
    </ClInclude>
    <ClInclude Include="..\..\src\protocol\commandsFilter.h">
      <Filter>src\protocol</Filter>
    </ClInclude>
    <ClInclude Include="..\..\src\protocol\commandsNav.h">
      <Filter>src\protocol</Filter>
    </ClInclude>
    <ClInclude Include="..\..\src\protocol\commandsOdo.h">
      <Filter>src\protocol</Filter>
    </ClInclude>
    <ClInclude Include="..\..\src\protocol\commandsOrientation.h">
      <Filter>src\protocol</Filter>
    </ClInclude>
    <ClInclude Include="..\..\src\protocol\commandsOutput.h">
      <Filter>src\protocol</Filter>
    </ClInclude>
    <ClInclude Include="..\..\src\protocol\commandsSync.h">
      <Filter>src\protocol</Filter>
    </ClInclude>
    <ClInclude Include="..\..\src\protocol\protocol.h">
      <Filter>src\protocol</Filter>
    </ClInclude>
    <ClInclude Include="..\..\src\protocol\protocolOutput.h">
      <Filter>src\protocol</Filter>
    </ClInclude>
    <ClInclude Include="..\..\src\protocol\protocolOutputMode.h">
      <Filter>src\protocol</Filter>
    </ClInclude>
    <ClInclude Include="..\..\src\protocol\extDevices\extIg.h">
      <Filter>src\protocol\extDevices</Filter>
    </ClInclude>
    <ClInclude Include="..\..\src\protocol\extDevices\extNmea.h">
      <Filter>src\protocol\extDevices</Filter>
    </ClInclude>
    <ClInclude Include="..\..\src\time\sbgTime.h">
      <Filter>src\time</Filter>
    </ClInclude>
    <ClInclude Include="..\..\src\protocol\commandsIg30.h">
      <Filter>src\protocol</Filter>
    </ClInclude>
  </ItemGroup>
</Project>