<?xml version="1.0" encoding="utf-8"?>
<Project ToolsVersion="4.0" xmlns="http://schemas.microsoft.com/developer/msbuild/2003">
  <ItemGroup>
    <Filter Include="src">
      <UniqueIdentifier>{31cca032-5602-433a-819b-19baef3f68ab}</UniqueIdentifier>
    </Filter>
    <Filter Include="src\comWrapper">
      <UniqueIdentifier>{a206924d-d7f5-4afc-a4f6-61767e8c91d5}</UniqueIdentifier>
    </Filter>
    <Filter Include="src\protocol">
      <UniqueIdentifier>{7c807623-e406-49e1-b46c-d908e47ef582}</UniqueIdentifier>
    </Filter>
    <Filter Include="src\time">
      <UniqueIdentifier>{290fd022-5920-4576-b727-2a312db66ecd}</UniqueIdentifier>
    </Filter>
  </ItemGroup>
  <ItemGroup>
    <ClCompile Include="..\..\src\sbgCom.c">
      <Filter>src</Filter>
    </ClCompile>
    <ClCompile Include="..\..\src\comWrapper\comDataLog.c">
      <Filter>src\comWrapper</Filter>
    </ClCompile>
    <ClCompile Include="..\..\src\protocol\commands.c">
      <Filter>src\protocol</Filter>
    </ClCompile>
    <ClCompile Include="..\..\src\protocol\commandsOutput.c">
      <Filter>src\protocol</Filter>
    </ClCompile>
    <ClCompile Include="..\..\src\protocol\protocol.c">
      <Filter>src\protocol</Filter>
    </ClCompile>
    <ClCompile Include="..\..\src\protocol\protocolOutput.c">
      <Filter>src\protocol</Filter>
    </ClCompile>
    <ClCompile Include="..\..\src\protocol\protocolOutputMode.c">
      <Filter>src\protocol</Filter>
    </ClCompile>
    <ClCompile Include="..\..\src\time\sbgTime.c">
      <Filter>src\time</Filter>
    </ClCompile>
  </ItemGroup>
  <ItemGroup>
    <ClInclude Include="..\..\src\sbgCom.h">
      <Filter>src</Filter>
    </ClInclude>
    <ClInclude Include="..\..\src\sbgCommon.h">
      <Filter>src</Filter>
    </ClInclude>
    <ClInclude Include="..\..\src\sbgComVersion.h">
      <Filter>src</Filter>
    </ClInclude>
    <ClInclude Include="..\..\src\comWrapper\comWrapper.h">
      <Filter>src\comWrapper</Filter>
    </ClInclude>
    <ClInclude Include="..\..\src\protocol\commands.h">
      <Filter>src\protocol</Filter>
    </ClInclude>
    <ClInclude Include="..\..\src\protocol\commandsOutput.h">
      <Filter>src\protocol</Filter>
    </ClInclude>
    <ClInclude Include="..\..\src\protocol\protocol.h">
      <Filter>src\protocol</Filter>
    </ClInclude>
    <ClInclude Include="..\..\src\protocol\protocolOutput.h">
      <Filter>src\protocol</Filter>
    </ClInclude>
    <ClInclude Include="..\..\src\protocol\protocolOutputMode.h">
      <Filter>src\protocol</Filter>
    </ClInclude>
    <ClInclude Include="..\..\src\time\sbgTime.h">
      <Filter>src\time</Filter>
    </ClInclude>
  </ItemGroup>
</Project>